// !$*UTF8*$!
{
	archiveVersion = 1;
	classes = {
	};
	objectVersion = 50;
	objects = {

/* Begin PBXBuildFile section */
		AD71D5322105C727003FC916 /* AppDelegate.swift in Sources */ = {isa = PBXBuildFile; fileRef = AD71D5312105C727003FC916 /* AppDelegate.swift */; };
		AD71D5342105C727003FC916 /* ViewController.swift in Sources */ = {isa = PBXBuildFile; fileRef = AD71D5332105C727003FC916 /* ViewController.swift */; };
		AD71D5372105C727003FC916 /* Main.storyboard in Resources */ = {isa = PBXBuildFile; fileRef = AD71D5352105C727003FC916 /* Main.storyboard */; };
		AD71D5392105C72A003FC916 /* Assets.xcassets in Resources */ = {isa = PBXBuildFile; fileRef = AD71D5382105C72A003FC916 /* Assets.xcassets */; };
		AD71D53C2105C72A003FC916 /* LaunchScreen.storyboard in Resources */ = {isa = PBXBuildFile; fileRef = AD71D53A2105C72A003FC916 /* LaunchScreen.storyboard */; };
		AD71D5472105C72A003FC916 /* swiftLecture04Tests.swift in Sources */ = {isa = PBXBuildFile; fileRef = AD71D5462105C72A003FC916 /* swiftLecture04Tests.swift */; };
		AD71D5522105C72A003FC916 /* swiftLecture04UITests.swift in Sources */ = {isa = PBXBuildFile; fileRef = AD71D5512105C72A003FC916 /* swiftLecture04UITests.swift */; };
/* End PBXBuildFile section */

/* Begin PBXContainerItemProxy section */
		AD71D5432105C72A003FC916 /* PBXContainerItemProxy */ = {
			isa = PBXContainerItemProxy;
			containerPortal = AD71D5262105C727003FC916 /* Project object */;
			proxyType = 1;
			remoteGlobalIDString = AD71D52D2105C727003FC916;
			remoteInfo = swiftLecture04;
		};
		AD71D54E2105C72A003FC916 /* PBXContainerItemProxy */ = {
			isa = PBXContainerItemProxy;
			containerPortal = AD71D5262105C727003FC916 /* Project object */;
			proxyType = 1;
			remoteGlobalIDString = AD71D52D2105C727003FC916;
			remoteInfo = swiftLecture04;
		};
/* End PBXContainerItemProxy section */

/* Begin PBXFileReference section */
		AD71D52E2105C727003FC916 /* swiftLecture04.app */ = {isa = PBXFileReference; explicitFileType = wrapper.application; includeInIndex = 0; path = swiftLecture04.app; sourceTree = BUILT_PRODUCTS_DIR; };
		AD71D5312105C727003FC916 /* AppDelegate.swift */ = {isa = PBXFileReference; lastKnownFileType = sourcecode.swift; path = AppDelegate.swift; sourceTree = "<group>"; };
		AD71D5332105C727003FC916 /* ViewController.swift */ = {isa = PBXFileReference; lastKnownFileType = sourcecode.swift; path = ViewController.swift; sourceTree = "<group>"; };
		AD71D5362105C727003FC916 /* Base */ = {isa = PBXFileReference; lastKnownFileType = file.storyboard; name = Base; path = Base.lproj/Main.storyboard; sourceTree = "<group>"; };
		AD71D5382105C72A003FC916 /* Assets.xcassets */ = {isa = PBXFileReference; lastKnownFileType = folder.assetcatalog; path = Assets.xcassets; sourceTree = "<group>"; };
		AD71D53B2105C72A003FC916 /* Base */ = {isa = PBXFileReference; lastKnownFileType = file.storyboard; name = Base; path = Base.lproj/LaunchScreen.storyboard; sourceTree = "<group>"; };
		AD71D53D2105C72A003FC916 /* Info.plist */ = {isa = PBXFileReference; lastKnownFileType = text.plist.xml; path = Info.plist; sourceTree = "<group>"; };
		AD71D5422105C72A003FC916 /* swiftLecture04Tests.xctest */ = {isa = PBXFileReference; explicitFileType = wrapper.cfbundle; includeInIndex = 0; path = swiftLecture04Tests.xctest; sourceTree = BUILT_PRODUCTS_DIR; };
		AD71D5462105C72A003FC916 /* swiftLecture04Tests.swift */ = {isa = PBXFileReference; lastKnownFileType = sourcecode.swift; path = swiftLecture04Tests.swift; sourceTree = "<group>"; };
		AD71D5482105C72A003FC916 /* Info.plist */ = {isa = PBXFileReference; lastKnownFileType = text.plist.xml; path = Info.plist; sourceTree = "<group>"; };
		AD71D54D2105C72A003FC916 /* swiftLecture04UITests.xctest */ = {isa = PBXFileReference; explicitFileType = wrapper.cfbundle; includeInIndex = 0; path = swiftLecture04UITests.xctest; sourceTree = BUILT_PRODUCTS_DIR; };
		AD71D5512105C72A003FC916 /* swiftLecture04UITests.swift */ = {isa = PBXFileReference; lastKnownFileType = sourcecode.swift; path = swiftLecture04UITests.swift; sourceTree = "<group>"; };
		AD71D5532105C72A003FC916 /* Info.plist */ = {isa = PBXFileReference; lastKnownFileType = text.plist.xml; path = Info.plist; sourceTree = "<group>"; };
/* End PBXFileReference section */

/* Begin PBXFrameworksBuildPhase section */
		AD71D52B2105C727003FC916 /* Frameworks */ = {
			isa = PBXFrameworksBuildPhase;
			buildActionMask = 2147483647;
			files = (
			);
			runOnlyForDeploymentPostprocessing = 0;
		};
		AD71D53F2105C72A003FC916 /* Frameworks */ = {
			isa = PBXFrameworksBuildPhase;
			buildActionMask = 2147483647;
			files = (
			);
			runOnlyForDeploymentPostprocessing = 0;
		};
		AD71D54A2105C72A003FC916 /* Frameworks */ = {
			isa = PBXFrameworksBuildPhase;
			buildActionMask = 2147483647;
			files = (
			);
			runOnlyForDeploymentPostprocessing = 0;
		};
/* End PBXFrameworksBuildPhase section */

/* Begin PBXGroup section */
		AD71D5252105C727003FC916 = {
			isa = PBXGroup;
			children = (
				AD71D5302105C727003FC916 /* swiftLecture04 */,
				AD71D5452105C72A003FC916 /* swiftLecture04Tests */,
				AD71D5502105C72A003FC916 /* swiftLecture04UITests */,
				AD71D52F2105C727003FC916 /* Products */,
			);
			sourceTree = "<group>";
		};
		AD71D52F2105C727003FC916 /* Products */ = {
			isa = PBXGroup;
			children = (
				AD71D52E2105C727003FC916 /* swiftLecture04.app */,
				AD71D5422105C72A003FC916 /* swiftLecture04Tests.xctest */,
				AD71D54D2105C72A003FC916 /* swiftLecture04UITests.xctest */,
			);
			name = Products;
			sourceTree = "<group>";
		};
		AD71D5302105C727003FC916 /* swiftLecture04 */ = {
			isa = PBXGroup;
			children = (
				AD71D5312105C727003FC916 /* AppDelegate.swift */,
				AD71D5332105C727003FC916 /* ViewController.swift */,
				AD71D5352105C727003FC916 /* Main.storyboard */,
				AD71D5382105C72A003FC916 /* Assets.xcassets */,
				AD71D53A2105C72A003FC916 /* LaunchScreen.storyboard */,
				AD71D53D2105C72A003FC916 /* Info.plist */,
			);
			path = swiftLecture04;
			sourceTree = "<group>";
		};
		AD71D5452105C72A003FC916 /* swiftLecture04Tests */ = {
			isa = PBXGroup;
			children = (
				AD71D5462105C72A003FC916 /* swiftLecture04Tests.swift */,
				AD71D5482105C72A003FC916 /* Info.plist */,
			);
			path = swiftLecture04Tests;
			sourceTree = "<group>";
		};
		AD71D5502105C72A003FC916 /* swiftLecture04UITests */ = {
			isa = PBXGroup;
			children = (
				AD71D5512105C72A003FC916 /* swiftLecture04UITests.swift */,
				AD71D5532105C72A003FC916 /* Info.plist */,
			);
			path = swiftLecture04UITests;
			sourceTree = "<group>";
		};
/* End PBXGroup section */

/* Begin PBXNativeTarget section */
		AD71D52D2105C727003FC916 /* swiftLecture04 */ = {
			isa = PBXNativeTarget;
			buildConfigurationList = AD71D5562105C72A003FC916 /* Build configuration list for PBXNativeTarget "swiftLecture04" */;
			buildPhases = (
				AD71D52A2105C727003FC916 /* Sources */,
				AD71D52B2105C727003FC916 /* Frameworks */,
				AD71D52C2105C727003FC916 /* Resources */,
			);
			buildRules = (
			);
			dependencies = (
			);
			name = swiftLecture04;
			productName = swiftLecture04;
			productReference = AD71D52E2105C727003FC916 /* swiftLecture04.app */;
			productType = "com.apple.product-type.application";
		};
		AD71D5412105C72A003FC916 /* swiftLecture04Tests */ = {
			isa = PBXNativeTarget;
			buildConfigurationList = AD71D5592105C72A003FC916 /* Build configuration list for PBXNativeTarget "swiftLecture04Tests" */;
			buildPhases = (
				AD71D53E2105C72A003FC916 /* Sources */,
				AD71D53F2105C72A003FC916 /* Frameworks */,
				AD71D5402105C72A003FC916 /* Resources */,
			);
			buildRules = (
			);
			dependencies = (
				AD71D5442105C72A003FC916 /* PBXTargetDependency */,
			);
			name = swiftLecture04Tests;
			productName = swiftLecture04Tests;
			productReference = AD71D5422105C72A003FC916 /* swiftLecture04Tests.xctest */;
			productType = "com.apple.product-type.bundle.unit-test";
		};
		AD71D54C2105C72A003FC916 /* swiftLecture04UITests */ = {
			isa = PBXNativeTarget;
			buildConfigurationList = AD71D55C2105C72A003FC916 /* Build configuration list for PBXNativeTarget "swiftLecture04UITests" */;
			buildPhases = (
				AD71D5492105C72A003FC916 /* Sources */,
				AD71D54A2105C72A003FC916 /* Frameworks */,
				AD71D54B2105C72A003FC916 /* Resources */,
			);
			buildRules = (
			);
			dependencies = (
				AD71D54F2105C72A003FC916 /* PBXTargetDependency */,
			);
			name = swiftLecture04UITests;
			productName = swiftLecture04UITests;
			productReference = AD71D54D2105C72A003FC916 /* swiftLecture04UITests.xctest */;
			productType = "com.apple.product-type.bundle.ui-testing";
		};
/* End PBXNativeTarget section */

/* Begin PBXProject section */
		AD71D5262105C727003FC916 /* Project object */ = {
			isa = PBXProject;
			attributes = {
				LastSwiftUpdateCheck = 1000;
				LastUpgradeCheck = 1000;
				ORGANIZATIONNAME = tripim;
				TargetAttributes = {
					AD71D52D2105C727003FC916 = {
						CreatedOnToolsVersion = 10.0;
					};
					AD71D5412105C72A003FC916 = {
						CreatedOnToolsVersion = 10.0;
						TestTargetID = AD71D52D2105C727003FC916;
					};
					AD71D54C2105C72A003FC916 = {
						CreatedOnToolsVersion = 10.0;
						TestTargetID = AD71D52D2105C727003FC916;
					};
				};
			};
			buildConfigurationList = AD71D5292105C727003FC916 /* Build configuration list for PBXProject "swiftLecture04" */;
			compatibilityVersion = "Xcode 9.3";
			developmentRegion = en;
			hasScannedForEncodings = 0;
			knownRegions = (
				en,
				Base,
			);
			mainGroup = AD71D5252105C727003FC916;
			productRefGroup = AD71D52F2105C727003FC916 /* Products */;
			projectDirPath = "";
			projectRoot = "";
			targets = (
				AD71D52D2105C727003FC916 /* swiftLecture04 */,
				AD71D5412105C72A003FC916 /* swiftLecture04Tests */,
				AD71D54C2105C72A003FC916 /* swiftLecture04UITests */,
			);
		};
/* End PBXProject section */

/* Begin PBXResourcesBuildPhase section */
		AD71D52C2105C727003FC916 /* Resources */ = {
			isa = PBXResourcesBuildPhase;
			buildActionMask = 2147483647;
			files = (
				AD71D53C2105C72A003FC916 /* LaunchScreen.storyboard in Resources */,
				AD71D5392105C72A003FC916 /* Assets.xcassets in Resources */,
				AD71D5372105C727003FC916 /* Main.storyboard in Resources */,
			);
			runOnlyForDeploymentPostprocessing = 0;
		};
		AD71D5402105C72A003FC916 /* Resources */ = {
			isa = PBXResourcesBuildPhase;
			buildActionMask = 2147483647;
			files = (
			);
			runOnlyForDeploymentPostprocessing = 0;
		};
		AD71D54B2105C72A003FC916 /* Resources */ = {
			isa = PBXResourcesBuildPhase;
			buildActionMask = 2147483647;
			files = (
			);
			runOnlyForDeploymentPostprocessing = 0;
		};
/* End PBXResourcesBuildPhase section */

/* Begin PBXSourcesBuildPhase section */
		AD71D52A2105C727003FC916 /* Sources */ = {
			isa = PBXSourcesBuildPhase;
			buildActionMask = 2147483647;
			files = (
				AD71D5342105C727003FC916 /* ViewController.swift in Sources */,
				AD71D5322105C727003FC916 /* AppDelegate.swift in Sources */,
			);
			runOnlyForDeploymentPostprocessing = 0;
		};
		AD71D53E2105C72A003FC916 /* Sources */ = {
			isa = PBXSourcesBuildPhase;
			buildActionMask = 2147483647;
			files = (
				AD71D5472105C72A003FC916 /* swiftLecture04Tests.swift in Sources */,
			);
			runOnlyForDeploymentPostprocessing = 0;
		};
		AD71D5492105C72A003FC916 /* Sources */ = {
			isa = PBXSourcesBuildPhase;
			buildActionMask = 2147483647;
			files = (
				AD71D5522105C72A003FC916 /* swiftLecture04UITests.swift in Sources */,
			);
			runOnlyForDeploymentPostprocessing = 0;
		};
/* End PBXSourcesBuildPhase section */

/* Begin PBXTargetDependency section */
		AD71D5442105C72A003FC916 /* PBXTargetDependency */ = {
			isa = PBXTargetDependency;
			target = AD71D52D2105C727003FC916 /* swiftLecture04 */;
			targetProxy = AD71D5432105C72A003FC916 /* PBXContainerItemProxy */;
		};
		AD71D54F2105C72A003FC916 /* PBXTargetDependency */ = {
			isa = PBXTargetDependency;
			target = AD71D52D2105C727003FC916 /* swiftLecture04 */;
			targetProxy = AD71D54E2105C72A003FC916 /* PBXContainerItemProxy */;
		};
/* End PBXTargetDependency section */

/* Begin PBXVariantGroup section */
		AD71D5352105C727003FC916 /* Main.storyboard */ = {
			isa = PBXVariantGroup;
			children = (
				AD71D5362105C727003FC916 /* Base */,
			);
			name = Main.storyboard;
			sourceTree = "<group>";
		};
		AD71D53A2105C72A003FC916 /* LaunchScreen.storyboard */ = {
			isa = PBXVariantGroup;
			children = (
				AD71D53B2105C72A003FC916 /* Base */,
			);
			name = LaunchScreen.storyboard;
			sourceTree = "<group>";
		};
/* End PBXVariantGroup section */

/* Begin XCBuildConfiguration section */
		AD71D5542105C72A003FC916 /* Debug */ = {
			isa = XCBuildConfiguration;
			buildSettings = {
				ALWAYS_SEARCH_USER_PATHS = NO;
				CLANG_ANALYZER_NONNULL = YES;
				CLANG_ANALYZER_NUMBER_OBJECT_CONVERSION = YES_AGGRESSIVE;
				CLANG_CXX_LANGUAGE_STANDARD = "gnu++14";
				CLANG_CXX_LIBRARY = "libc++";
				CLANG_ENABLE_MODULES = YES;
				CLANG_ENABLE_OBJC_ARC = YES;
				CLANG_ENABLE_OBJC_WEAK = YES;
				CLANG_WARN_BLOCK_CAPTURE_AUTORELEASING = YES;
				CLANG_WARN_BOOL_CONVERSION = YES;
				CLANG_WARN_COMMA = YES;
				CLANG_WARN_CONSTANT_CONVERSION = YES;
				CLANG_WARN_DEPRECATED_OBJC_IMPLEMENTATIONS = YES;
				CLANG_WARN_DIRECT_OBJC_ISA_USAGE = YES_ERROR;
				CLANG_WARN_DOCUMENTATION_COMMENTS = YES;
				CLANG_WARN_EMPTY_BODY = YES;
				CLANG_WARN_ENUM_CONVERSION = YES;
				CLANG_WARN_INFINITE_RECURSION = YES;
				CLANG_WARN_INT_CONVERSION = YES;
				CLANG_WARN_NON_LITERAL_NULL_CONVERSION = YES;
				CLANG_WARN_OBJC_IMPLICIT_RETAIN_SELF = YES;
				CLANG_WARN_OBJC_LITERAL_CONVERSION = YES;
				CLANG_WARN_OBJC_ROOT_CLASS = YES_ERROR;
				CLANG_WARN_RANGE_LOOP_ANALYSIS = YES;
				CLANG_WARN_STRICT_PROTOTYPES = YES;
				CLANG_WARN_SUSPICIOUS_MOVE = YES;
				CLANG_WARN_UNGUARDED_AVAILABILITY = YES_AGGRESSIVE;
				CLANG_WARN_UNREACHABLE_CODE = YES;
				CLANG_WARN__DUPLICATE_METHOD_MATCH = YES;
				CODE_SIGN_IDENTITY = "iPhone Developer";
				COPY_PHASE_STRIP = NO;
				DEBUG_INFORMATION_FORMAT = dwarf;
				ENABLE_STRICT_OBJC_MSGSEND = YES;
				ENABLE_TESTABILITY = YES;
				GCC_C_LANGUAGE_STANDARD = gnu11;
				GCC_DYNAMIC_NO_PIC = NO;
				GCC_NO_COMMON_BLOCKS = YES;
				GCC_OPTIMIZATION_LEVEL = 0;
				GCC_PREPROCESSOR_DEFINITIONS = (
					"DEBUG=1",
					"$(inherited)",
				);
				GCC_WARN_64_TO_32_BIT_CONVERSION = YES;
				GCC_WARN_ABOUT_RETURN_TYPE = YES_ERROR;
				GCC_WARN_UNDECLARED_SELECTOR = YES;
				GCC_WARN_UNINITIALIZED_AUTOS = YES_AGGRESSIVE;
				GCC_WARN_UNUSED_FUNCTION = YES;
				GCC_WARN_UNUSED_VARIABLE = YES;
				IPHONEOS_DEPLOYMENT_TARGET = 12.0;
				MTL_ENABLE_DEBUG_INFO = INCLUDE_SOURCE;
				MTL_FAST_MATH = YES;
				ONLY_ACTIVE_ARCH = YES;
				SDKROOT = iphoneos;
				SWIFT_ACTIVE_COMPILATION_CONDITIONS = DEBUG;
				SWIFT_OPTIMIZATION_LEVEL = "-Onone";
			};
			name = Debug;
		};
		AD71D5552105C72A003FC916 /* Release */ = {
			isa = XCBuildConfiguration;
			buildSettings = {
				ALWAYS_SEARCH_USER_PATHS = NO;
				CLANG_ANALYZER_NONNULL = YES;
				CLANG_ANALYZER_NUMBER_OBJECT_CONVERSION = YES_AGGRESSIVE;
				CLANG_CXX_LANGUAGE_STANDARD = "gnu++14";
				CLANG_CXX_LIBRARY = "libc++";
				CLANG_ENABLE_MODULES = YES;
				CLANG_ENABLE_OBJC_ARC = YES;
				CLANG_ENABLE_OBJC_WEAK = YES;
				CLANG_WARN_BLOCK_CAPTURE_AUTORELEASING = YES;
				CLANG_WARN_BOOL_CONVERSION = YES;
				CLANG_WARN_COMMA = YES;
				CLANG_WARN_CONSTANT_CONVERSION = YES;
				CLANG_WARN_DEPRECATED_OBJC_IMPLEMENTATIONS = YES;
				CLANG_WARN_DIRECT_OBJC_ISA_USAGE = YES_ERROR;
				CLANG_WARN_DOCUMENTATION_COMMENTS = YES;
				CLANG_WARN_EMPTY_BODY = YES;
				CLANG_WARN_ENUM_CONVERSION = YES;
				CLANG_WARN_INFINITE_RECURSION = YES;
				CLANG_WARN_INT_CONVERSION = YES;
				CLANG_WARN_NON_LITERAL_NULL_CONVERSION = YES;
				CLANG_WARN_OBJC_IMPLICIT_RETAIN_SELF = YES;
				CLANG_WARN_OBJC_LITERAL_CONVERSION = YES;
				CLANG_WARN_OBJC_ROOT_CLASS = YES_ERROR;
				CLANG_WARN_RANGE_LOOP_ANALYSIS = YES;
				CLANG_WARN_STRICT_PROTOTYPES = YES;
				CLANG_WARN_SUSPICIOUS_MOVE = YES;
				CLANG_WARN_UNGUARDED_AVAILABILITY = YES_AGGRESSIVE;
				CLANG_WARN_UNREACHABLE_CODE = YES;
				CLANG_WARN__DUPLICATE_METHOD_MATCH = YES;
				CODE_SIGN_IDENTITY = "iPhone Developer";
				COPY_PHASE_STRIP = NO;
				DEBUG_INFORMATION_FORMAT = "dwarf-with-dsym";
				ENABLE_NS_ASSERTIONS = NO;
				ENABLE_STRICT_OBJC_MSGSEND = YES;
				GCC_C_LANGUAGE_STANDARD = gnu11;
				GCC_NO_COMMON_BLOCKS = YES;
				GCC_WARN_64_TO_32_BIT_CONVERSION = YES;
				GCC_WARN_ABOUT_RETURN_TYPE = YES_ERROR;
				GCC_WARN_UNDECLARED_SELECTOR = YES;
				GCC_WARN_UNINITIALIZED_AUTOS = YES_AGGRESSIVE;
				GCC_WARN_UNUSED_FUNCTION = YES;
				GCC_WARN_UNUSED_VARIABLE = YES;
				IPHONEOS_DEPLOYMENT_TARGET = 12.0;
				MTL_ENABLE_DEBUG_INFO = NO;
				MTL_FAST_MATH = YES;
				SDKROOT = iphoneos;
				SWIFT_COMPILATION_MODE = wholemodule;
				SWIFT_OPTIMIZATION_LEVEL = "-O";
				VALIDATE_PRODUCT = YES;
			};
			name = Release;
		};
		AD71D5572105C72A003FC916 /* Debug */ = {
			isa = XCBuildConfiguration;
			buildSettings = {
				ASSETCATALOG_COMPILER_APPICON_NAME = AppIcon;
				CODE_SIGN_STYLE = Automatic;
				INFOPLIST_FILE = swiftLecture04/Info.plist;
				LD_RUNPATH_SEARCH_PATHS = (
					"$(inherited)",
					"@executable_path/Frameworks",
				);
				PRODUCT_BUNDLE_IDENTIFIER = com.tripim.swiftLecture04;
				PRODUCT_NAME = "$(TARGET_NAME)";
				SWIFT_VERSION = 4.2;
				TARGETED_DEVICE_FAMILY = "1,2";
			};
			name = Debug;
		};
		AD71D5582105C72A003FC916 /* Release */ = {
			isa = XCBuildConfiguration;
			buildSettings = {
				ASSETCATALOG_COMPILER_APPICON_NAME = AppIcon;
				CODE_SIGN_STYLE = Automatic;
				INFOPLIST_FILE = swiftLecture04/Info.plist;
				LD_RUNPATH_SEARCH_PATHS = (
					"$(inherited)",
					"@executable_path/Frameworks",
				);
				PRODUCT_BUNDLE_IDENTIFIER = com.tripim.swiftLecture04;
				PRODUCT_NAME = "$(TARGET_NAME)";
				SWIFT_VERSION = 4.2;
				TARGETED_DEVICE_FAMILY = "1,2";
			};
			name = Release;
		};
		AD71D55A2105C72A003FC916 /* Debug */ = {
			isa = XCBuildConfiguration;
			buildSettings = {
				ALWAYS_EMBED_SWIFT_STANDARD_LIBRARIES = YES;
				BUNDLE_LOADER = "$(TEST_HOST)";
				CODE_SIGN_STYLE = Automatic;
				INFOPLIST_FILE = swiftLecture04Tests/Info.plist;
				LD_RUNPATH_SEARCH_PATHS = (
					"$(inherited)",
					"@executable_path/Frameworks",
					"@loader_path/Frameworks",
				);
				PRODUCT_BUNDLE_IDENTIFIER = com.tripim.swiftLecture04Tests;
				PRODUCT_NAME = "$(TARGET_NAME)";
				SWIFT_VERSION = 4.2;
				TARGETED_DEVICE_FAMILY = "1,2";
				TEST_HOST = "$(BUILT_PRODUCTS_DIR)/swiftLecture04.app/swiftLecture04";
			};
			name = Debug;
		};
		AD71D55B2105C72A003FC916 /* Release */ = {
			isa = XCBuildConfiguration;
			buildSettings = {
				ALWAYS_EMBED_SWIFT_STANDARD_LIBRARIES = YES;
				BUNDLE_LOADER = "$(TEST_HOST)";
				CODE_SIGN_STYLE = Automatic;
				INFOPLIST_FILE = swiftLecture04Tests/Info.plist;
				LD_RUNPATH_SEARCH_PATHS = (
					"$(inherited)",
					"@executable_path/Frameworks",
					"@loader_path/Frameworks",
				);
				PRODUCT_BUNDLE_IDENTIFIER = com.tripim.swiftLecture04Tests;
				PRODUCT_NAME = "$(TARGET_NAME)";
				SWIFT_VERSION = 4.2;
				TARGETED_DEVICE_FAMILY = "1,2";
				TEST_HOST = "$(BUILT_PRODUCTS_DIR)/swiftLecture04.app/swiftLecture04";
			};
			name = Release;
		};
		AD71D55D2105C72A003FC916 /* Debug */ = {
			isa = XCBuildConfiguration;
			buildSettings = {
				ALWAYS_EMBED_SWIFT_STANDARD_LIBRARIES = YES;
				CODE_SIGN_STYLE = Automatic;
				INFOPLIST_FILE = swiftLecture04UITests/Info.plist;
				LD_RUNPATH_SEARCH_PATHS = (
					"$(inherited)",
					"@executable_path/Frameworks",
					"@loader_path/Frameworks",
				);
				PRODUCT_BUNDLE_IDENTIFIER = com.tripim.swiftLecture04UITests;
				PRODUCT_NAME = "$(TARGET_NAME)";
				SWIFT_VERSION = 4.2;
				TARGETED_DEVICE_FAMILY = "1,2";
				TEST_TARGET_NAME = swiftLecture04;
			};
			name = Debug;
		};
		AD71D55E2105C72A003FC916 /* Release */ = {
			isa = XCBuildConfiguration;
			buildSettings = {
				ALWAYS_EMBED_SWIFT_STANDARD_LIBRARIES = YES;
				CODE_SIGN_STYLE = Automatic;
				INFOPLIST_FILE = swiftLecture04UITests/Info.plist;
				LD_RUNPATH_SEARCH_PATHS = (
					"$(inherited)",
					"@executable_path/Frameworks",
					"@loader_path/Frameworks",
				);
				PRODUCT_BUNDLE_IDENTIFIER = com.tripim.swiftLecture04UITests;
				PRODUCT_NAME = "$(TARGET_NAME)";
				SWIFT_VERSION = 4.2;
				TARGETED_DEVICE_FAMILY = "1,2";
				TEST_TARGET_NAME = swiftLecture04;
			};
			name = Release;
		};
/* End XCBuildConfiguration section */

/* Begin XCConfigurationList section */
		AD71D5292105C727003FC916 /* Build configuration list for PBXProject "swiftLecture04" */ = {
			isa = XCConfigurationList;
			buildConfigurations = (
				AD71D5542105C72A003FC916 /* Debug */,
				AD71D5552105C72A003FC916 /* Release */,
			);
			defaultConfigurationIsVisible = 0;
			defaultConfigurationName = Release;
		};
		AD71D5562105C72A003FC916 /* Build configuration list for PBXNativeTarget "swiftLecture04" */ = {
			isa = XCConfigurationList;
			buildConfigurations = (
				AD71D5572105C72A003FC916 /* Debug */,
				AD71D5582105C72A003FC916 /* Release */,
			);
			defaultConfigurationIsVisible = 0;
			defaultConfigurationName = Release;
		};
		AD71D5592105C72A003FC916 /* Build configuration list for PBXNativeTarget "swiftLecture04Tests" */ = {
			isa = XCConfigurationList;
			buildConfigurations = (
				AD71D55A2105C72A003FC916 /* Debug */,
				AD71D55B2105C72A003FC916 /* Release */,
			);
			defaultConfigurationIsVisible = 0;
			defaultConfigurationName = Release;
		};
		AD71D55C2105C72A003FC916 /* Build configuration list for PBXNativeTarget "swiftLecture04UITests" */ = {
			isa = XCConfigurationList;
			buildConfigurations = (
				AD71D55D2105C72A003FC916 /* Debug */,
				AD71D55E2105C72A003FC916 /* Release */,
			);
			defaultConfigurationIsVisible = 0;
			defaultConfigurationName = Release;
		};
/* End XCConfigurationList section */
	};
	rootObject = AD71D5262105C727003FC916 /* Project object */;
}
